// !$*UTF8*$!
{
	archiveVersion = 1;
	classes = {
	};
	objectVersion = 46;
	objects = {

/* Begin PBXBuildFile section */
		EC66FD351A82514900CE3520 /* main.m in Sources */ = {isa = PBXBuildFile; fileRef = EC66FD341A82514900CE3520 /* main.m */; };
		EC66FD381A82514900CE3520 /* AppDelegate.m in Sources */ = {isa = PBXBuildFile; fileRef = EC66FD371A82514900CE3520 /* AppDelegate.m */; };
		EC66FD3B1A82514900CE3520 /* ViewController.m in Sources */ = {isa = PBXBuildFile; fileRef = EC66FD3A1A82514900CE3520 /* ViewController.m */; };
		EC66FD3E1A82514900CE3520 /* Main.storyboard in Resources */ = {isa = PBXBuildFile; fileRef = EC66FD3C1A82514900CE3520 /* Main.storyboard */; };
		EC66FD401A82514900CE3520 /* Images.xcassets in Resources */ = {isa = PBXBuildFile; fileRef = EC66FD3F1A82514900CE3520 /* Images.xcassets */; };
		EC66FD431A82514900CE3520 /* LaunchScreen.xib in Resources */ = {isa = PBXBuildFile; fileRef = EC66FD411A82514900CE3520 /* LaunchScreen.xib */; };
		EC66FD4F1A82514900CE3520 /* TableViewPlainTests.m in Sources */ = {isa = PBXBuildFile; fileRef = EC66FD4E1A82514900CE3520 /* TableViewPlainTests.m */; };
/* End PBXBuildFile section */

/* Begin PBXContainerItemProxy section */
		EC66FD491A82514900CE3520 /* PBXContainerItemProxy */ = {
			isa = PBXContainerItemProxy;
			containerPortal = EC66FD271A82514900CE3520 /* Project object */;
			proxyType = 1;
			remoteGlobalIDString = EC66FD2E1A82514900CE3520;
			remoteInfo = TableViewPlain;
		};
/* End PBXContainerItemProxy section */

/* Begin PBXFileReference section */
		EC66FD2F1A82514900CE3520 /* TableViewPlain.app */ = {isa = PBXFileReference; explicitFileType = wrapper.application; includeInIndex = 0; path = TableViewPlain.app; sourceTree = BUILT_PRODUCTS_DIR; };
		EC66FD331A82514900CE3520 /* Info.plist */ = {isa = PBXFileReference; lastKnownFileType = text.plist.xml; path = Info.plist; sourceTree = "<group>"; };
		EC66FD341A82514900CE3520 /* main.m */ = {isa = PBXFileReference; lastKnownFileType = sourcecode.c.objc; path = main.m; sourceTree = "<group>"; };
		EC66FD361A82514900CE3520 /* AppDelegate.h */ = {isa = PBXFileReference; lastKnownFileType = sourcecode.c.h; path = AppDelegate.h; sourceTree = "<group>"; };
		EC66FD371A82514900CE3520 /* AppDelegate.m */ = {isa = PBXFileReference; lastKnownFileType = sourcecode.c.objc; path = AppDelegate.m; sourceTree = "<group>"; };
		EC66FD391A82514900CE3520 /* ViewController.h */ = {isa = PBXFileReference; lastKnownFileType = sourcecode.c.h; path = ViewController.h; sourceTree = "<group>"; };
		EC66FD3A1A82514900CE3520 /* ViewController.m */ = {isa = PBXFileReference; lastKnownFileType = sourcecode.c.objc; path = ViewController.m; sourceTree = "<group>"; };
		EC66FD3D1A82514900CE3520 /* Base */ = {isa = PBXFileReference; lastKnownFileType = file.storyboard; name = Base; path = Base.lproj/Main.storyboard; sourceTree = "<group>"; };
		EC66FD3F1A82514900CE3520 /* Images.xcassets */ = {isa = PBXFileReference; lastKnownFileType = folder.assetcatalog; path = Images.xcassets; sourceTree = "<group>"; };
		EC66FD421A82514900CE3520 /* Base */ = {isa = PBXFileReference; lastKnownFileType = file.xib; name = Base; path = Base.lproj/LaunchScreen.xib; sourceTree = "<group>"; };
		EC66FD481A82514900CE3520 /* TableViewPlainTests.xctest */ = {isa = PBXFileReference; explicitFileType = wrapper.cfbundle; includeInIndex = 0; path = TableViewPlainTests.xctest; sourceTree = BUILT_PRODUCTS_DIR; };
		EC66FD4D1A82514900CE3520 /* Info.plist */ = {isa = PBXFileReference; lastKnownFileType = text.plist.xml; path = Info.plist; sourceTree = "<group>"; };
		EC66FD4E1A82514900CE3520 /* TableViewPlainTests.m */ = {isa = PBXFileReference; lastKnownFileType = sourcecode.c.objc; path = TableViewPlainTests.m; sourceTree = "<group>"; };
/* End PBXFileReference section */

/* Begin PBXFrameworksBuildPhase section */
		EC66FD2C1A82514900CE3520 /* Frameworks */ = {
			isa = PBXFrameworksBuildPhase;
			buildActionMask = 2147483647;
			files = (
			);
			runOnlyForDeploymentPostprocessing = 0;
		};
		EC66FD451A82514900CE3520 /* Frameworks */ = {
			isa = PBXFrameworksBuildPhase;
			buildActionMask = 2147483647;
			files = (
			);
			runOnlyForDeploymentPostprocessing = 0;
		};
/* End PBXFrameworksBuildPhase section */

/* Begin PBXGroup section */
		EC66FD261A82514900CE3520 = {
			isa = PBXGroup;
			children = (
				EC66FD311A82514900CE3520 /* TableViewPlain */,
				EC66FD4B1A82514900CE3520 /* TableViewPlainTests */,
				EC66FD301A82514900CE3520 /* Products */,
			);
			sourceTree = "<group>";
		};
		EC66FD301A82514900CE3520 /* Products */ = {
			isa = PBXGroup;
			children = (
				EC66FD2F1A82514900CE3520 /* TableViewPlain.app */,
				EC66FD481A82514900CE3520 /* TableViewPlainTests.xctest */,
			);
			name = Products;
			sourceTree = "<group>";
		};
		EC66FD311A82514900CE3520 /* TableViewPlain */ = {
			isa = PBXGroup;
			children = (
				EC66FD361A82514900CE3520 /* AppDelegate.h */,
				EC66FD371A82514900CE3520 /* AppDelegate.m */,
				EC66FD391A82514900CE3520 /* ViewController.h */,
				EC66FD3A1A82514900CE3520 /* ViewController.m */,
				EC66FD3C1A82514900CE3520 /* Main.storyboard */,
				EC66FD3F1A82514900CE3520 /* Images.xcassets */,
				EC66FD411A82514900CE3520 /* LaunchScreen.xib */,
				EC66FD321A82514900CE3520 /* Supporting Files */,
			);
			path = TableViewPlain;
			sourceTree = "<group>";
		};
		EC66FD321A82514900CE3520 /* Supporting Files */ = {
			isa = PBXGroup;
			children = (
				EC66FD331A82514900CE3520 /* Info.plist */,
				EC66FD341A82514900CE3520 /* main.m */,
			);
			name = "Supporting Files";
			sourceTree = "<group>";
		};
		EC66FD4B1A82514900CE3520 /* TableViewPlainTests */ = {
			isa = PBXGroup;
			children = (
				EC66FD4E1A82514900CE3520 /* TableViewPlainTests.m */,
				EC66FD4C1A82514900CE3520 /* Supporting Files */,
			);
			path = TableViewPlainTests;
			sourceTree = "<group>";
		};
		EC66FD4C1A82514900CE3520 /* Supporting Files */ = {
			isa = PBXGroup;
			children = (
				EC66FD4D1A82514900CE3520 /* Info.plist */,
			);
			name = "Supporting Files";
			sourceTree = "<group>";
		};
/* End PBXGroup section */

/* Begin PBXNativeTarget section */
		EC66FD2E1A82514900CE3520 /* TableViewPlain */ = {
			isa = PBXNativeTarget;
			buildConfigurationList = EC66FD521A82514900CE3520 /* Build configuration list for PBXNativeTarget "TableViewPlain" */;
			buildPhases = (
				EC66FD2B1A82514900CE3520 /* Sources */,
				EC66FD2C1A82514900CE3520 /* Frameworks */,
				EC66FD2D1A82514900CE3520 /* Resources */,
			);
			buildRules = (
			);
			dependencies = (
			);
			name = TableViewPlain;
			productName = TableViewPlain;
			productReference = EC66FD2F1A82514900CE3520 /* TableViewPlain.app */;
			productType = "com.apple.product-type.application";
		};
		EC66FD471A82514900CE3520 /* TableViewPlainTests */ = {
			isa = PBXNativeTarget;
			buildConfigurationList = EC66FD551A82514900CE3520 /* Build configuration list for PBXNativeTarget "TableViewPlainTests" */;
			buildPhases = (
				EC66FD441A82514900CE3520 /* Sources */,
				EC66FD451A82514900CE3520 /* Frameworks */,
				EC66FD461A82514900CE3520 /* Resources */,
			);
			buildRules = (
			);
			dependencies = (
				EC66FD4A1A82514900CE3520 /* PBXTargetDependency */,
			);
			name = TableViewPlainTests;
			productName = TableViewPlainTests;
			productReference = EC66FD481A82514900CE3520 /* TableViewPlainTests.xctest */;
			productType = "com.apple.product-type.bundle.unit-test";
		};
/* End PBXNativeTarget section */

/* Begin PBXProject section */
		EC66FD271A82514900CE3520 /* Project object */ = {
			isa = PBXProject;
			attributes = {
				LastUpgradeCheck = 0610;
				ORGANIZATIONNAME = "小叶";
				TargetAttributes = {
					EC66FD2E1A82514900CE3520 = {
						CreatedOnToolsVersion = 6.1.1;
					};
					EC66FD471A82514900CE3520 = {
						CreatedOnToolsVersion = 6.1.1;
						TestTargetID = EC66FD2E1A82514900CE3520;
					};
				};
			};
			buildConfigurationList = EC66FD2A1A82514900CE3520 /* Build configuration list for PBXProject "TableViewPlain" */;
			compatibilityVersion = "Xcode 3.2";
			developmentRegion = English;
			hasScannedForEncodings = 0;
			knownRegions = (
				en,
				Base,
			);
			mainGroup = EC66FD261A82514900CE3520;
			productRefGroup = EC66FD301A82514900CE3520 /* Products */;
			projectDirPath = "";
			projectRoot = "";
			targets = (
				EC66FD2E1A82514900CE3520 /* TableViewPlain */,
				EC66FD471A82514900CE3520 /* TableViewPlainTests */,
			);
		};
/* End PBXProject section */

/* Begin PBXResourcesBuildPhase section */
		EC66FD2D1A82514900CE3520 /* Resources */ = {
			isa = PBXResourcesBuildPhase;
			buildActionMask = 2147483647;
			files = (
				EC66FD3E1A82514900CE3520 /* Main.storyboard in Resources */,
				EC66FD431A82514900CE3520 /* LaunchScreen.xib in Resources */,
				EC66FD401A82514900CE3520 /* Images.xcassets in Resources */,
			);
			runOnlyForDeploymentPostprocessing = 0;
		};
		EC66FD461A82514900CE3520 /* Resources */ = {
			isa = PBXResourcesBuildPhase;
			buildActionMask = 2147483647;
			files = (
			);
			runOnlyForDeploymentPostprocessing = 0;
		};
/* End PBXResourcesBuildPhase section */

/* Begin PBXSourcesBuildPhase section */
		EC66FD2B1A82514900CE3520 /* Sources */ = {
			isa = PBXSourcesBuildPhase;
			buildActionMask = 2147483647;
			files = (
				EC66FD3B1A82514900CE3520 /* ViewController.m in Sources */,
				EC66FD381A82514900CE3520 /* AppDelegate.m in Sources */,
				EC66FD351A82514900CE3520 /* main.m in Sources */,
			);
			runOnlyForDeploymentPostprocessing = 0;
		};
		EC66FD441A82514900CE3520 /* Sources */ = {
			isa = PBXSourcesBuildPhase;
			buildActionMask = 2147483647;
			files = (
				EC66FD4F1A82514900CE3520 /* TableViewPlainTests.m in Sources */,
			);
			runOnlyForDeploymentPostprocessing = 0;
		};
/* End PBXSourcesBuildPhase section */

/* Begin PBXTargetDependency section */
		EC66FD4A1A82514900CE3520 /* PBXTargetDependency */ = {
			isa = PBXTargetDependency;
			target = EC66FD2E1A82514900CE3520 /* TableViewPlain */;
			targetProxy = EC66FD491A82514900CE3520 /* PBXContainerItemProxy */;
		};
/* End PBXTargetDependency section */

/* Begin PBXVariantGroup section */
		EC66FD3C1A82514900CE3520 /* Main.storyboard */ = {
			isa = PBXVariantGroup;
			children = (
				EC66FD3D1A82514900CE3520 /* Base */,
			);
			name = Main.storyboard;
			sourceTree = "<group>";
		};
		EC66FD411A82514900CE3520 /* LaunchScreen.xib */ = {
			isa = PBXVariantGroup;
			children = (
				EC66FD421A82514900CE3520 /* Base */,
			);
			name = LaunchScreen.xib;
			sourceTree = "<group>";
		};
/* End PBXVariantGroup section */

/* Begin XCBuildConfiguration section */
		EC66FD501A82514900CE3520 /* Debug */ = {
			isa = XCBuildConfiguration;
			buildSettings = {
				ALWAYS_SEARCH_USER_PATHS = NO;
				CLANG_CXX_LANGUAGE_STANDARD = "gnu++0x";
				CLANG_CXX_LIBRARY = "libc++";
				CLANG_ENABLE_MODULES = YES;
				CLANG_ENABLE_OBJC_ARC = YES;
				CLANG_WARN_BOOL_CONVERSION = YES;
				CLANG_WARN_CONSTANT_CONVERSION = YES;
				CLANG_WARN_DIRECT_OBJC_ISA_USAGE = YES_ERROR;
				CLANG_WARN_EMPTY_BODY = YES;
				CLANG_WARN_ENUM_CONVERSION = YES;
				CLANG_WARN_INT_CONVERSION = YES;
				CLANG_WARN_OBJC_ROOT_CLASS = YES_ERROR;
				CLANG_WARN_UNREACHABLE_CODE = YES;
				CLANG_WARN__DUPLICATE_METHOD_MATCH = YES;
				"CODE_SIGN_IDENTITY[sdk=iphoneos*]" = "iPhone Developer";
				COPY_PHASE_STRIP = NO;
				ENABLE_STRICT_OBJC_MSGSEND = YES;
				GCC_C_LANGUAGE_STANDARD = gnu99;
				GCC_DYNAMIC_NO_PIC = NO;
				GCC_OPTIMIZATION_LEVEL = 0;
				GCC_PREPROCESSOR_DEFINITIONS = (
					"DEBUG=1",
					"$(inherited)",
				);
				GCC_SYMBOLS_PRIVATE_EXTERN = NO;
				GCC_WARN_64_TO_32_BIT_CONVERSION = YES;
				GCC_WARN_ABOUT_RETURN_TYPE = YES_ERROR;
				GCC_WARN_UNDECLARED_SELECTOR = YES;
				GCC_WARN_UNINITIALIZED_AUTOS = YES_AGGRESSIVE;
				GCC_WARN_UNUSED_FUNCTION = YES;
				GCC_WARN_UNUSED_VARIABLE = YES;
				IPHONEOS_DEPLOYMENT_TARGET = 8.1;
				MTL_ENABLE_DEBUG_INFO = YES;
				ONLY_ACTIVE_ARCH = YES;
				SDKROOT = iphoneos;
			};
			name = Debug;
		};
		EC66FD511A82514900CE3520 /* Release */ = {
			isa = XCBuildConfiguration;
			buildSettings = {
				ALWAYS_SEARCH_USER_PATHS = NO;
				CLANG_CXX_LANGUAGE_STANDARD = "gnu++0x";
				CLANG_CXX_LIBRARY = "libc++";
				CLANG_ENABLE_MODULES = YES;
				CLANG_ENABLE_OBJC_ARC = YES;
				CLANG_WARN_BOOL_CONVERSION = YES;
				CLANG_WARN_CONSTANT_CONVERSION = YES;
				CLANG_WARN_DIRECT_OBJC_ISA_USAGE = YES_ERROR;
				CLANG_WARN_EMPTY_BODY = YES;
				CLANG_WARN_ENUM_CONVERSION = YES;
				CLANG_WARN_INT_CONVERSION = YES;
				CLANG_WARN_OBJC_ROOT_CLASS = YES_ERROR;
				CLANG_WARN_UNREACHABLE_CODE = YES;
				CLANG_WARN__DUPLICATE_METHOD_MATCH = YES;
				"CODE_SIGN_IDENTITY[sdk=iphoneos*]" = "iPhone Developer";
				COPY_PHASE_STRIP = YES;
				ENABLE_NS_ASSERTIONS = NO;
				ENABLE_STRICT_OBJC_MSGSEND = YES;
				GCC_C_LANGUAGE_STANDARD = gnu99;
				GCC_WARN_64_TO_32_BIT_CONVERSION = YES;
				GCC_WARN_ABOUT_RETURN_TYPE = YES_ERROR;
				GCC_WARN_UNDECLARED_SELECTOR = YES;
				GCC_WARN_UNINITIALIZED_AUTOS = YES_AGGRESSIVE;
				GCC_WARN_UNUSED_FUNCTION = YES;
				GCC_WARN_UNUSED_VARIABLE = YES;
				IPHONEOS_DEPLOYMENT_TARGET = 8.1;
				MTL_ENABLE_DEBUG_INFO = NO;
				SDKROOT = iphoneos;
				VALIDATE_PRODUCT = YES;
			};
			name = Release;
		};
		EC66FD531A82514900CE3520 /* Debug */ = {
			isa = XCBuildConfiguration;
			buildSettings = {
				ASSETCATALOG_COMPILER_APPICON_NAME = AppIcon;
				INFOPLIST_FILE = TableViewPlain/Info.plist;
				LD_RUNPATH_SEARCH_PATHS = "$(inherited) @executable_path/Frameworks";
				PRODUCT_NAME = "$(TARGET_NAME)";
			};
			name = Debug;
		};
		EC66FD541A82514900CE3520 /* Release */ = {
			isa = XCBuildConfiguration;
			buildSettings = {
				ASSETCATALOG_COMPILER_APPICON_NAME = AppIcon;
				INFOPLIST_FILE = TableViewPlain/Info.plist;
				LD_RUNPATH_SEARCH_PATHS = "$(inherited) @executable_path/Frameworks";
				PRODUCT_NAME = "$(TARGET_NAME)";
			};
			name = Release;
		};
		EC66FD561A82514900CE3520 /* Debug */ = {
			isa = XCBuildConfiguration;
			buildSettings = {
				BUNDLE_LOADER = "$(TEST_HOST)";
				FRAMEWORK_SEARCH_PATHS = (
					"$(SDKROOT)/Developer/Library/Frameworks",
					"$(inherited)",
				);
				GCC_PREPROCESSOR_DEFINITIONS = (
					"DEBUG=1",
					"$(inherited)",
				);
				INFOPLIST_FILE = TableViewPlainTests/Info.plist;
				LD_RUNPATH_SEARCH_PATHS = "$(inherited) @executable_path/Frameworks @loader_path/Frameworks";
				PRODUCT_NAME = "$(TARGET_NAME)";
				TEST_HOST = "$(BUILT_PRODUCTS_DIR)/TableViewPlain.app/TableViewPlain";
			};
			name = Debug;
		};
		EC66FD571A82514900CE3520 /* Release */ = {
			isa = XCBuildConfiguration;
			buildSettings = {
				BUNDLE_LOADER = "$(TEST_HOST)";
				FRAMEWORK_SEARCH_PATHS = (
					"$(SDKROOT)/Developer/Library/Frameworks",
					"$(inherited)",
				);
				INFOPLIST_FILE = TableViewPlainTests/Info.plist;
				LD_RUNPATH_SEARCH_PATHS = "$(inherited) @executable_path/Frameworks @loader_path/Frameworks";
				PRODUCT_NAME = "$(TARGET_NAME)";
				TEST_HOST = "$(BUILT_PRODUCTS_DIR)/TableViewPlain.app/TableViewPlain";
			};
			name = Release;
		};
/* End XCBuildConfiguration section */

/* Begin XCConfigurationList section */
		EC66FD2A1A82514900CE3520 /* Build configuration list for PBXProject "TableViewPlain" */ = {
			isa = XCConfigurationList;
			buildConfigurations = (
				EC66FD501A82514900CE3520 /* Debug */,
				EC66FD511A82514900CE3520 /* Release */,
			);
			defaultConfigurationIsVisible = 0;
			defaultConfigurationName = Release;
		};
		EC66FD521A82514900CE3520 /* Build configuration list for PBXNativeTarget "TableViewPlain" */ = {
			isa = XCConfigurationList;
			buildConfigurations = (
				EC66FD531A82514900CE3520 /* Debug */,
				EC66FD541A82514900CE3520 /* Release */,
			);
			defaultConfigurationIsVisible = 0;
		};
		EC66FD551A82514900CE3520 /* Build configuration list for PBXNativeTarget "TableViewPlainTests" */ = {
			isa = XCConfigurationList;
			buildConfigurations = (
				EC66FD561A82514900CE3520 /* Debug */,
				EC66FD571A82514900CE3520 /* Release */,
			);
			defaultConfigurationIsVisible = 0;
		};
/* End XCConfigurationList section */
	};
	rootObject = EC66FD271A82514900CE3520 /* Project object */;
}
